PODS:
  - Clocket (1.0.2)
  - SnapKit (5.0.1)

DEPENDENCIES:
  - Clocket
  - SnapKit

SPEC REPOS:
  trunk:
    - Clocket
    - SnapKit

SPEC CHECKSUMS:
  Clocket: 096ae0fb73338019f32e9234799d3f5da85bf89d
  SnapKit: 97b92857e3df3a0c71833cce143274bf6ef8e5eb

PODFILE CHECKSUM: a911e4d24eff53120292f969457b6e4ad334d92a

COCOAPODS: 1.8.4
